# This file is automatically @generated by Poetry 1.8.4 and should not be changed by hand.

[[package]]
name = "aiocoap"
version = "0.4.11"
description = "Python CoAP library"
optional = false
python-versions = ">=3.10"
files = [
    {file = "aiocoap-0.4.11-py3-none-any.whl", hash = "sha256:be3d337b34fa892d51fcd04e9c3ea40a212879cf1da49a4a51cfda377387ee89"},
    {file = "aiocoap-0.4.11.tar.gz", hash = "sha256:2603b8ec61caedf008b4a153a94f337262bf89f26d1c030f12c492d085e875f7"},
]

[package.extras]
all = ["DTLSSocket (>=0.1.18)", "cbor-diag", "cbor2", "cryptography (>=2.5)", "filelock", "ge25519", "lakers-python (==0.3.3)", "pygments", "websockets"]
docs = ["sphinx (>=5)", "sphinx-argparse"]
oscore = ["cbor2", "cryptography (>=2.5)", "filelock", "ge25519", "lakers-python (==0.3.3)"]
prettyprint = ["cbor-diag", "cbor2", "pygments (>=2.1)"]
tinydtls = ["DTLSSocket (>=0.1.18)"]
ws = ["websockets"]

[metadata]
lock-version = "2.0"
python-versions = "^3.12"
content-hash = "54da7985ccb03be00899f23ad244fc2a4447d6bc89bd6db768ca01ebf7027256"
